
Microsoft Visual Studio Solution File, Format Version 12.00
# Visual Studio 15
VisualStudioVersion = 15.0.26430.15
MinimumVisualStudioVersion = 10.0.40219.1
Project("{FAE04EC0-301F-11D3-BF4B-00C04F79EFBC}") = "MegaNepEditor", "MegaNepEditor\MegaNepEditor.csproj", "{6227BD26-CBA5-40EE-8513-2B158DC09A22}"
EndProject
Project("{FAE04EC0-301F-11D3-BF4B-00C04F79EFBC}") = "MegaNepTool", "MegaNepTool\MegaNepTool.csproj", "{425C0AA6-3CA5-43D0-BB9E-F6E0B6976693}"
EndProject
Global
	GlobalSection(SolutionConfigurationPlatforms) = preSolution
		Debug|Any CPU = Debug|Any CPU
		Release|Any CPU = Release|Any CPU
	EndGlobalSection
	GlobalSection(ProjectConfigurationPlatforms) = postSolution
		{6227BD26-CBA5-40EE-8513-2B158DC09A22}.Debug|Any CPU.ActiveCfg = Debug|Any CPU
		{6227BD26-CBA5-40EE-8513-2B158DC09A22}.Debug|Any CPU.Build.0 = Debug|Any CPU
		{6227BD26-CBA5-40EE-8513-2B158DC09A22}.Release|Any CPU.ActiveCfg = Release|Any CPU
		{6227BD26-CBA5-40EE-8513-2B158DC09A22}.Release|Any CPU.Build.0 = Release|Any CPU
		{425C0AA6-3CA5-43D0-BB9E-F6E0B6976693}.Debug|Any CPU.ActiveCfg = Debug|Any CPU
		{425C0AA6-3CA5-43D0-BB9E-F6E0B6976693}.Debug|Any CPU.Build.0 = Debug|Any CPU
		{425C0AA6-3CA5-43D0-BB9E-F6E0B6976693}.Release|Any CPU.ActiveCfg = Release|Any CPU
		{425C0AA6-3CA5-43D0-BB9E-F6E0B6976693}.Release|Any CPU.Build.0 = Release|Any CPU
	EndGlobalSection
	GlobalSection(SolutionProperties) = preSolution
		HideSolutionNode = FALSE
	EndGlobalSection
EndGlobal
